{
  "name": "@viatsyshyn/ts-validate",
  "version": "0.1.0",
  "lockfileVersion": 1,
  "requires": true,
  "dependencies": {
    "@types/inversify": {
      "version": "2.0.33",
      "resolved": "https://registry.npmjs.org/@types/inversify/-/inversify-2.0.33.tgz",
      "integrity": "sha1-B3Da4imaruV4A/dSNeZKmbdPbeA=",
      "dev": true,
      "requires": {
        "inversify": "*"
      }
    },
    "@types/reflect-metadata": {
      "version": "0.1.0",
      "resolved": "https://registry.npmjs.org/@types/reflect-metadata/-/reflect-metadata-0.1.0.tgz",
      "integrity": "sha512-bXltFLY3qhzCnVYP5iUpeSICagQ8rc9K2liS+8M0lBcz54BHs3O6W5UvqespVSuebo1BXLi+/y9ioELAW9SC2A==",
      "dev": true,
      "requires": {
        "reflect-metadata": "*"
      }
    },
    "@types/validate.js": {
      "version": "0.11.0",
      "resolved": "https://registry.npmjs.org/@types/validate.js/-/validate.js-0.11.0.tgz",
      "integrity": "sha512-RnMxYwlFMG6jP0+TyJ9PDNfuIzZQqgfNIftyDFhwYQJuHBBuBBevi7fuNC5FVZxwrOV4eJUJuArDlMqIqZInMA==",
      "dev": true,
      "requires": {
        "validate.js": "*"
      }
    },
    "inversify": {
      "version": "5.0.1",
      "resolved": "https://registry.npmjs.org/inversify/-/inversify-5.0.1.tgz",
      "integrity": "sha512-Ieh06s48WnEYGcqHepdsJUIJUXpwH5o5vodAX+DK2JA/gjy4EbEcQZxw+uFfzysmKjiLXGYwNG3qDZsKVMcINQ==",
      "dev": true
    },
    "reflect-metadata": {
      "version": "0.1.13",
      "resolved": "https://registry.npmjs.org/reflect-metadata/-/reflect-metadata-0.1.13.tgz",
      "integrity": "sha512-Ts1Y/anZELhSsjMcU605fU9RE4Oi3p5ORujwbIKXfWa+0Zxs510Qrmrce5/Jowq3cHSZSJqBjypxmHarc+vEWg=="
    },
    "typescript": {
      "version": "3.7.4",
      "resolved": "https://registry.npmjs.org/typescript/-/typescript-3.7.4.tgz",
      "integrity": "sha512-A25xv5XCtarLwXpcDNZzCGvW2D1S3/bACratYBx2sax8PefsFhlYmkQicKHvpYflFS8if4zne5zT5kpJ7pzuvw==",
      "dev": true
    },
    "validate.js": {
      "version": "0.13.1",
      "resolved": "https://registry.npmjs.org/validate.js/-/validate.js-0.13.1.tgz",
      "integrity": "sha512-PnFM3xiZ+kYmLyTiMgTYmU7ZHkjBZz2/+F0DaALc/uUtVzdCt1wAosvYJ5hFQi/hz8O4zb52FQhHZRC+uVkJ+g==",
      "dev": true
    }
  }
}
